github.com/mattn/go-sqlite3 v1.14.16 h1:yOQRA0RpS5PFz/oikGwBEqvAWhWg5ufRz4ETLjwpU1Y=
github.com/mattn/go-sqlite3 v1.14.16/go.mod h1:2eHXhiwb8IkHr+BDWZGa96P6+rkvnG63S2DGjv9HUNg=
github.com/palavrapasse/aspirador v0.0.1 h1:PqdnHweSXfvYITOgOQC0JAXD3GeYV2x+rc4Sce7q0Vw=
github.com/palavrapasse/aspirador v0.0.1/go.mod h1:1LJFZgJoNr7In+g3PQHWwK6/Dha9jsiTT2jMV/eiAX8=
